
Microsoft Visual Studio Solution File, Format Version 12.00
# Visual Studio Version 17
VisualStudioVersion = 17.9.34728.123
MinimumVisualStudioVersion = 10.0.40219.1
Project("{9A19103F-16F7-4668-BE54-9A1E7A4F7556}") = "TestApi", "TestApi\TestApi.csproj", "{5DAD8A14-3DE8-492A-8F9C-43C9A21C3224}"
EndProject
Project("{9A19103F-16F7-4668-BE54-9A1E7A4F7556}") = "Tests", "Tests\Tests.csproj", "{EB710315-D5A0-4A29-9B1B-C6D6B6BD0E43}"
EndProject
Project("{9A19103F-16F7-4668-BE54-9A1E7A4F7556}") = "RestApiTransactions", "Nuget\RestApiTransactions.csproj", "{EB245C78-BA17-4A2D-9346-42637921055D}"
EndProject
Global
	GlobalSection(SolutionConfigurationPlatforms) = preSolution
		Debug|Any CPU = Debug|Any CPU
		Release|Any CPU = Release|Any CPU
	EndGlobalSection
	GlobalSection(ProjectConfigurationPlatforms) = postSolution
		{5DAD8A14-3DE8-492A-8F9C-43C9A21C3224}.Debug|Any CPU.ActiveCfg = Debug|Any CPU
		{5DAD8A14-3DE8-492A-8F9C-43C9A21C3224}.Debug|Any CPU.Build.0 = Debug|Any CPU
		{5DAD8A14-3DE8-492A-8F9C-43C9A21C3224}.Release|Any CPU.ActiveCfg = Release|Any CPU
		{5DAD8A14-3DE8-492A-8F9C-43C9A21C3224}.Release|Any CPU.Build.0 = Release|Any CPU
		{EB710315-D5A0-4A29-9B1B-C6D6B6BD0E43}.Debug|Any CPU.ActiveCfg = Debug|Any CPU
		{EB710315-D5A0-4A29-9B1B-C6D6B6BD0E43}.Debug|Any CPU.Build.0 = Debug|Any CPU
		{EB710315-D5A0-4A29-9B1B-C6D6B6BD0E43}.Release|Any CPU.ActiveCfg = Release|Any CPU
		{EB710315-D5A0-4A29-9B1B-C6D6B6BD0E43}.Release|Any CPU.Build.0 = Release|Any CPU
		{EB245C78-BA17-4A2D-9346-42637921055D}.Debug|Any CPU.ActiveCfg = Debug|Any CPU
		{EB245C78-BA17-4A2D-9346-42637921055D}.Debug|Any CPU.Build.0 = Debug|Any CPU
		{EB245C78-BA17-4A2D-9346-42637921055D}.Release|Any CPU.ActiveCfg = Release|Any CPU
		{EB245C78-BA17-4A2D-9346-42637921055D}.Release|Any CPU.Build.0 = Release|Any CPU
	EndGlobalSection
	GlobalSection(SolutionProperties) = preSolution
		HideSolutionNode = FALSE
	EndGlobalSection
	GlobalSection(ExtensibilityGlobals) = postSolution
		SolutionGuid = {051CF6E4-181A-4FBC-A134-4768A6B43C97}
	EndGlobalSection
EndGlobal
